# @generated by Move, please check-in and do not edit manually.

[move]
version = 3
manifest_digest = "C2B485917B6B94539EE74D8E7BFF4AF13149C821F81F1E4285611685AA9A88C3"
deps_digest = "3C4103934B1E040BB6B23F1D610B4EF9F2F1166A50A104EADCF77467C004C600"
dependencies = [
  { id = "Sui", name = "Sui" },
  { id = "usdc", name = "usdc" },
]

[[move.package]]
id = "MoveStdlib"
source = { git = "https://github.com/MystenLabs/sui.git", rev = "framework/testnet", subdir = "crates/sui-framework/packages/move-stdlib" }

[[move.package]]
id = "Sui"
source = { git = "https://github.com/MystenLabs/sui.git", rev = "framework/testnet", subdir = "crates/sui-framework/packages/sui-framework" }

dependencies = [
  { id = "MoveStdlib", name = "MoveStdlib" },
]

[[move.package]]
id = "usdc"
source = { local = "../usdc" }

dependencies = [
  { id = "Sui", name = "Sui" },
]

[move.toolchain-version]
compiler-version = "1.58.1"
edition = "2024.beta"
flavor = "sui"

[env]

[env.localnet]
chain-id = "c9b5f92a"
original-published-id = "0x37e801b3582a49c8868ef477421bfcd70b1ba85e778c96990dd42ace738cb072"
latest-published-id = "0x37e801b3582a49c8868ef477421bfcd70b1ba85e778c96990dd42ace738cb072"
published-version = "1"
