# @generated by Move, please check-in and do not edit manually.

[move]
version = 3
manifest_digest = "3BD6636E1234BE58DA1CD1DD5653B3456F1C1D7DD0EEED730D3F084504E1AC4F"
deps_digest = "3C4103934B1E040BB6B23F1D610B4EF9F2F1166A50A104EADCF77467C004C600"
dependencies = [
  { id = "Sui", name = "Sui" },
  { id = "usdc", name = "usdc" },
]

[[move.package]]
id = "MoveStdlib"
source = { git = "https://github.com/MystenLabs/sui.git", rev = "framework/testnet", subdir = "crates/sui-framework/packages/move-stdlib" }

[[move.package]]
id = "Sui"
source = { git = "https://github.com/MystenLabs/sui.git", rev = "framework/testnet", subdir = "crates/sui-framework/packages/sui-framework" }

dependencies = [
  { id = "MoveStdlib", name = "MoveStdlib" },
]

[[move.package]]
id = "stablecoin"
source = { git = "https://github.com/circlefin/stablecoin-sui.git", rev = "master", subdir = "packages/stablecoin" }

dependencies = [
  { id = "Sui", name = "Sui" },
  { id = "sui_extensions", name = "sui_extensions" },
]

[[move.package]]
id = "sui_extensions"
source = { git = "https://github.com/circlefin/stablecoin-sui.git", rev = "master", subdir = "packages/sui_extensions" }

dependencies = [
  { id = "Sui", name = "Sui" },
]

[[move.package]]
id = "usdc"
source = { git = "https://github.com/circlefin/stablecoin-sui.git", rev = "master", subdir = "packages/usdc" }

dependencies = [
  { id = "Sui", name = "Sui" },
  { id = "stablecoin", name = "stablecoin" },
  { id = "sui_extensions", name = "sui_extensions" },
]

[move.toolchain-version]
compiler-version = "1.58.1"
edition = "2024.beta"
flavor = "sui"

[env]

[env.localnet]
chain-id = "484bf652"
original-published-id = "0x1589f2f809c27723e74944598215893bd073c55d02c611e5a7231b50b780fb6d"
latest-published-id = "0x3c8a461ef2664451d91ee8bc51d1df16572a781276aff91d8f040acea4d1cff5"
published-version = "2"

[env.testnet]
chain-id = "4c78adac"
original-published-id = "0xfde574649f0d7ee2d362d13fda4783132bda4559fea8b1dd1321d0a80ecd0922"
latest-published-id = "0xfffae8810573ebde8ad360f2c04714d206a6a7f432fd14c492c50527bd531d0d"
published-version = "2"
