# @generated by Move, please check-in and do not edit manually.

[move]
version = 3
manifest_digest = "7102DB55055E59F3EF25D435B7EA6DA84115BCD7262BEAB91051F903E129338A"
deps_digest = "F8BBB0CCB2491CA29A3DF03D6F92277A4F3574266507ACD77214D37ECA3F3082"
dependencies = [
  { id = "Sui", name = "Sui" },
]

[[move.package]]
id = "MoveStdlib"
source = { git = "https://github.com/MystenLabs/sui.git", rev = "framework/testnet", subdir = "crates/sui-framework/packages/move-stdlib" }

[[move.package]]
id = "Sui"
source = { git = "https://github.com/MystenLabs/sui.git", rev = "framework/testnet", subdir = "crates/sui-framework/packages/sui-framework" }

dependencies = [
  { id = "MoveStdlib", name = "MoveStdlib" },
]

[move.toolchain-version]
compiler-version = "1.50.0"
edition = "2024.beta"
flavor = "sui"

[env]

[env.localnet]
chain-id = "c9b5f92a"
original-published-id = "0x6731f6ae3090289a90421b976df521912350b267adf39926dc702329bfebf970"
latest-published-id = "0x6731f6ae3090289a90421b976df521912350b267adf39926dc702329bfebf970"
published-version = "1"
